
Microsoft Visual Studio Solution File, Format Version 12.00
# Visual Studio Version 16
VisualStudioVersion = 16.0.30225.117
MinimumVisualStudioVersion = 10.0.40219.1
Project("{2150E333-8FDC-42A3-9474-1A3956D46DE8}") = "Solution Items", "Solution Items", "{08CCFCF6-2248-43ED-A6EF-E972A2DA0E6A}"
	ProjectSection(SolutionItems) = preProject
		build.fsx = build.fsx
		package.json = package.json
		paket.dependencies = paket.dependencies
		paket.lock = paket.lock
		README.md = README.md
		webpack.config.js = webpack.config.js
		yarn.lock = yarn.lock
	EndProjectSection
EndProject
Project("{6EC3EE1D-3C4E-46DD-8F32-0CC8E7565705}") = "Informedica.Formulary.Lib", "src\Informedica.Formulary.Lib\Informedica.Formulary.Lib.fsproj", "{3A467D9D-7A2F-44AC-BE90-0930326E807E}"
EndProject
Project("{6EC3EE1D-3C4E-46DD-8F32-0CC8E7565705}") = "Informedica.Formulary.Server", "src\Informedica.Formulary.Server\Informedica.Formulary.Server.fsproj", "{85CA715D-C689-4D34-A35A-A4FEC02DD9E0}"
EndProject
Project("{6EC3EE1D-3C4E-46DD-8F32-0CC8E7565705}") = "Informedica.Formulary.Client", "src\Informedica.Formulary.Client\Informedica.Formulary.Client.fsproj", "{7FAAC209-689D-4887-94D0-90EA0ED5F335}"
EndProject
Project("{2150E333-8FDC-42A3-9474-1A3956D46DE8}") = "Scripts", "Scripts", "{667686C1-DCDC-456D-B121-D0273CCA823E}"
	ProjectSection(SolutionItems) = preProject
		Script.fsx = Script.fsx
	EndProjectSection
EndProject
Global
	GlobalSection(SolutionConfigurationPlatforms) = preSolution
		Debug|Any CPU = Debug|Any CPU
		Release|Any CPU = Release|Any CPU
	EndGlobalSection
	GlobalSection(ProjectConfigurationPlatforms) = postSolution
		{3A467D9D-7A2F-44AC-BE90-0930326E807E}.Debug|Any CPU.ActiveCfg = Debug|Any CPU
		{3A467D9D-7A2F-44AC-BE90-0930326E807E}.Debug|Any CPU.Build.0 = Debug|Any CPU
		{3A467D9D-7A2F-44AC-BE90-0930326E807E}.Release|Any CPU.ActiveCfg = Release|Any CPU
		{3A467D9D-7A2F-44AC-BE90-0930326E807E}.Release|Any CPU.Build.0 = Release|Any CPU
		{85CA715D-C689-4D34-A35A-A4FEC02DD9E0}.Debug|Any CPU.ActiveCfg = Debug|Any CPU
		{85CA715D-C689-4D34-A35A-A4FEC02DD9E0}.Debug|Any CPU.Build.0 = Debug|Any CPU
		{85CA715D-C689-4D34-A35A-A4FEC02DD9E0}.Release|Any CPU.ActiveCfg = Release|Any CPU
		{85CA715D-C689-4D34-A35A-A4FEC02DD9E0}.Release|Any CPU.Build.0 = Release|Any CPU
		{7FAAC209-689D-4887-94D0-90EA0ED5F335}.Debug|Any CPU.ActiveCfg = Debug|Any CPU
		{7FAAC209-689D-4887-94D0-90EA0ED5F335}.Debug|Any CPU.Build.0 = Debug|Any CPU
		{7FAAC209-689D-4887-94D0-90EA0ED5F335}.Release|Any CPU.ActiveCfg = Release|Any CPU
		{7FAAC209-689D-4887-94D0-90EA0ED5F335}.Release|Any CPU.Build.0 = Release|Any CPU
	EndGlobalSection
	GlobalSection(SolutionProperties) = preSolution
		HideSolutionNode = FALSE
	EndGlobalSection
	GlobalSection(ExtensibilityGlobals) = postSolution
		SolutionGuid = {7A0AA30E-4CD9-4359-9513-BA68E2E85245}
	EndGlobalSection
EndGlobal
